
Microsoft Visual Studio Solution File, Format Version 12.00
# Visual Studio Version 17
VisualStudioVersion = 17.5.33516.290
MinimumVisualStudioVersion = 10.0.40219.1
Project("{FAE04EC0-301F-11D3-BF4B-00C04F79EFBC}") = "ServerModManager", "ServerModManager.csproj", "{F569C13C-6451-4153-96F4-FAD453B9847B}"
EndProject
Global
	GlobalSection(SolutionConfigurationPlatforms) = preSolution
		Debug|Any CPU = Debug|Any CPU
		Release|Any CPU = Release|Any CPU
	EndGlobalSection
	GlobalSection(ProjectConfigurationPlatforms) = postSolution
		{F569C13C-6451-4153-96F4-FAD453B9847B}.Debug|Any CPU.ActiveCfg = Debug|Any CPU
		{F569C13C-6451-4153-96F4-FAD453B9847B}.Debug|Any CPU.Build.0 = Debug|Any CPU
		{F569C13C-6451-4153-96F4-FAD453B9847B}.Release|Any CPU.ActiveCfg = Release|Any CPU
		{F569C13C-6451-4153-96F4-FAD453B9847B}.Release|Any CPU.Build.0 = Release|Any CPU
	EndGlobalSection
	GlobalSection(SolutionProperties) = preSolution
		HideSolutionNode = FALSE
	EndGlobalSection
	GlobalSection(ExtensibilityGlobals) = postSolution
		SolutionGuid = {487946B9-A293-474D-A5E5-C55D9C5F14E7}
	EndGlobalSection
EndGlobal
